version = 1
revision = 3
requires-python = ">=3.13"

[options]
prerelease-mode = "allow"

[[package]]
name = "colorama"
version = "0.4.6"
source = { registry = "https://pypi.org/simple" }
sdist = { url = "https://files.pythonhosted.org/packages/d8/53/6f443c9a4a8358a93a6792e2acffb9d9d5cb0a5cfd8802644b7b1c9a02e4/colorama-0.4.6.tar.gz", hash = "sha256:08695f5cb7ed6e0531a20572697297273c47b8cae5a63ffc6d6ed5c201be6e44", size = 27697, upload-time = "2022-10-25T02:36:22.414Z" }
wheels = [
    { url = "https://files.pythonhosted.org/packages/d1/d6/3965ed04c63042e047cb6a3e6ed1a63a35087b6a609aa3a15ed8ac56c221/colorama-0.4.6-py2.py3-none-any.whl", hash = "sha256:4f1d9991f5acc0ca119f9d443620b77f9d6b33703e51011c16baf57afb285fc6", size = 25335, upload-time = "2022-10-25T02:36:20.889Z" },
]

[[package]]
name = "contourpy"
version = "1.3.2"
source = { registry = "https://download.pytorch.org/whl/variant" }
dependencies = [
    { name = "numpy" },
]
wheels = [
    { url = "https://download.pytorch.org/whl/variant/contourpy-1.3.2-cp313-cp313-macosx_10_13_x86_64.whl" },
    { url = "https://download.pytorch.org/whl/variant/contourpy-1.3.2-cp313-cp313-macosx_11_0_arm64.whl" },
    { url = "https://download.pytorch.org/whl/variant/contourpy-1.3.2-cp313-cp313-manylinux_2_17_aarch64.manylinux2014_aarch64.whl" },
    { url = "https://download.pytorch.org/whl/variant/contourpy-1.3.2-cp313-cp313-manylinux_2_17_ppc64le.manylinux2014_ppc64le.whl" },
    { url = "https://download.pytorch.org/whl/variant/contourpy-1.3.2-cp313-cp313-manylinux_2_17_s390x.manylinux2014_s390x.whl" },
    { url = "https://download.pytorch.org/whl/variant/contourpy-1.3.2-cp313-cp313-manylinux_2_17_x86_64.manylinux2014_x86_64.whl" },
    { url = "https://download.pytorch.org/whl/variant/contourpy-1.3.2-cp313-cp313-win_amd64.whl" },
    { url = "https://download.pytorch.org/whl/variant/contourpy-1.3.2-cp313-cp313t-macosx_10_13_x86_64.whl" },
    { url = "https://download.pytorch.org/whl/variant/contourpy-1.3.2-cp313-cp313t-macosx_11_0_arm64.whl" },
    { url = "https://download.pytorch.org/whl/variant/contourpy-1.3.2-cp313-cp313t-manylinux_2_17_aarch64.manylinux2014_aarch64.whl" },
    { url = "https://download.pytorch.org/whl/variant/contourpy-1.3.2-cp313-cp313t-manylinux_2_17_ppc64le.manylinux2014_ppc64le.whl" },
    { url = "https://download.pytorch.org/whl/variant/contourpy-1.3.2-cp313-cp313t-manylinux_2_17_s390x.manylinux2014_s390x.whl" },
    { url = "https://download.pytorch.org/whl/variant/contourpy-1.3.2-cp313-cp313t-manylinux_2_17_x86_64.manylinux2014_x86_64.whl" },
    { url = "https://download.pytorch.org/whl/variant/contourpy-1.3.2-cp313-cp313t-win_amd64.whl" },
]

[[package]]
name = "cycler"
version = "0.12.1"
source = { registry = "https://download.pytorch.org/whl/variant" }
wheels = [
    { url = "https://download.pytorch.org/whl/variant/cycler-0.12.1-py3-none-any.whl" },
]

[[package]]
name = "filelock"
version = "3.18.0"
source = { registry = "https://download.pytorch.org/whl/variant" }
wheels = [
    { url = "https://download.pytorch.org/whl/variant/filelock-3.18.0-py3-none-any.whl" },
]

[[package]]
name = "fonttools"
version = "4.58.5"
source = { registry = "https://download.pytorch.org/whl/variant" }
wheels = [
    { url = "https://download.pytorch.org/whl/variant/fonttools-4.58.5-cp313-cp313-macosx_10_13_universal2.whl" },
    { url = "https://download.pytorch.org/whl/variant/fonttools-4.58.5-cp313-cp313-macosx_10_13_x86_64.whl" },
    { url = "https://download.pytorch.org/whl/variant/fonttools-4.58.5-cp313-cp313-manylinux1_x86_64.manylinux2014_x86_64.manylinux_2_17_x86_64.manylinux_2_5_x86_64.whl" },
    { url = "https://download.pytorch.org/whl/variant/fonttools-4.58.5-cp313-cp313-manylinux2014_aarch64.manylinux_2_17_aarch64.manylinux_2_28_aarch64.whl" },
    { url = "https://download.pytorch.org/whl/variant/fonttools-4.58.5-cp313-cp313-win_amd64.whl" },
    { url = "https://download.pytorch.org/whl/variant/fonttools-4.58.5-py3-none-any.whl" },
]

[[package]]
name = "fsspec"
version = "2025.5.1"
source = { registry = "https://download.pytorch.org/whl/variant" }
wheels = [
    { url = "https://download.pytorch.org/whl/variant/fsspec-2025.5.1-py3-none-any.whl" },
]

[[package]]
name = "jinja2"
version = "3.1.6"
source = { registry = "https://download.pytorch.org/whl/variant" }
dependencies = [
    { name = "markupsafe" },
]
wheels = [
    { url = "https://download.pytorch.org/whl/variant/jinja2-3.1.6-py3-none-any.whl" },
]

[[package]]
name = "joblib"
version = "1.5.2"
source = { registry = "https://pypi.org/simple" }
sdist = { url = "https://files.pythonhosted.org/packages/e8/5d/447af5ea094b9e4c4054f82e223ada074c552335b9b4b2d14bd9b35a67c4/joblib-1.5.2.tar.gz", hash = "sha256:3faa5c39054b2f03ca547da9b2f52fde67c06240c31853f306aea97f13647b55", size = 331077, upload-time = "2025-08-27T12:15:46.575Z" }
wheels = [
    { url = "https://files.pythonhosted.org/packages/1e/e8/685f47e0d754320684db4425a0967f7d3fa70126bffd76110b7009a0090f/joblib-1.5.2-py3-none-any.whl", hash = "sha256:4e1f0bdbb987e6d843c70cf43714cb276623def372df3c22fe5266b2670bc241", size = 308396, upload-time = "2025-08-27T12:15:45.188Z" },
]

[[package]]
name = "kiwisolver"
version = "1.4.8"
source = { registry = "https://download.pytorch.org/whl/variant" }
wheels = [
    { url = "https://download.pytorch.org/whl/variant/kiwisolver-1.4.8-cp313-cp313-macosx_10_13_universal2.whl" },
    { url = "https://download.pytorch.org/whl/variant/kiwisolver-1.4.8-cp313-cp313-macosx_10_13_x86_64.whl" },
    { url = "https://download.pytorch.org/whl/variant/kiwisolver-1.4.8-cp313-cp313-macosx_11_0_arm64.whl" },
    { url = "https://download.pytorch.org/whl/variant/kiwisolver-1.4.8-cp313-cp313-manylinux_2_12_i686.manylinux2010_i686.manylinux_2_17_i686.manylinux2014_i686.whl" },
    { url = "https://download.pytorch.org/whl/variant/kiwisolver-1.4.8-cp313-cp313-manylinux_2_17_aarch64.manylinux2014_aarch64.whl" },
    { url = "https://download.pytorch.org/whl/variant/kiwisolver-1.4.8-cp313-cp313-manylinux_2_17_ppc64le.manylinux2014_ppc64le.whl" },
    { url = "https://download.pytorch.org/whl/variant/kiwisolver-1.4.8-cp313-cp313-manylinux_2_17_s390x.manylinux2014_s390x.whl" },
    { url = "https://download.pytorch.org/whl/variant/kiwisolver-1.4.8-cp313-cp313-manylinux_2_17_x86_64.manylinux2014_x86_64.whl" },
    { url = "https://download.pytorch.org/whl/variant/kiwisolver-1.4.8-cp313-cp313-win_amd64.whl" },
    { url = "https://download.pytorch.org/whl/variant/kiwisolver-1.4.8-cp313-cp313-win_arm64.whl" },
    { url = "https://download.pytorch.org/whl/variant/kiwisolver-1.4.8-cp313-cp313t-macosx_10_13_universal2.whl" },
    { url = "https://download.pytorch.org/whl/variant/kiwisolver-1.4.8-cp313-cp313t-macosx_10_13_x86_64.whl" },
    { url = "https://download.pytorch.org/whl/variant/kiwisolver-1.4.8-cp313-cp313t-macosx_11_0_arm64.whl" },
    { url = "https://download.pytorch.org/whl/variant/kiwisolver-1.4.8-cp313-cp313t-manylinux_2_12_i686.manylinux2010_i686.manylinux_2_17_i686.manylinux2014_i686.whl" },
    { url = "https://download.pytorch.org/whl/variant/kiwisolver-1.4.8-cp313-cp313t-manylinux_2_17_aarch64.manylinux2014_aarch64.whl" },
    { url = "https://download.pytorch.org/whl/variant/kiwisolver-1.4.8-cp313-cp313t-manylinux_2_17_ppc64le.manylinux2014_ppc64le.whl" },
    { url = "https://download.pytorch.org/whl/variant/kiwisolver-1.4.8-cp313-cp313t-manylinux_2_17_s390x.manylinux2014_s390x.whl" },
    { url = "https://download.pytorch.org/whl/variant/kiwisolver-1.4.8-cp313-cp313t-manylinux_2_17_x86_64.manylinux2014_x86_64.whl" },
]

[[package]]
name = "markupsafe"
version = "3.0.2"
source = { registry = "https://download.pytorch.org/whl/variant" }
wheels = [
    { url = "https://download.pytorch.org/whl/variant/MarkupSafe-3.0.2-cp313-cp313-macosx_10_13_universal2.whl" },
    { url = "https://download.pytorch.org/whl/variant/MarkupSafe-3.0.2-cp313-cp313-macosx_11_0_arm64.whl" },
    { url = "https://download.pytorch.org/whl/variant/MarkupSafe-3.0.2-cp313-cp313-manylinux_2_17_aarch64.manylinux2014_aarch64.whl" },
    { url = "https://download.pytorch.org/whl/variant/MarkupSafe-3.0.2-cp313-cp313-manylinux_2_17_x86_64.manylinux2014_x86_64.whl" },
    { url = "https://download.pytorch.org/whl/variant/MarkupSafe-3.0.2-cp313-cp313-manylinux_2_5_i686.manylinux1_i686.manylinux_2_17_i686.manylinux2014_i686.whl" },
    { url = "https://download.pytorch.org/whl/variant/MarkupSafe-3.0.2-cp313-cp313-win_amd64.whl" },
    { url = "https://download.pytorch.org/whl/variant/MarkupSafe-3.0.2-cp313-cp313t-macosx_10_13_universal2.whl" },
    { url = "https://download.pytorch.org/whl/variant/MarkupSafe-3.0.2-cp313-cp313t-macosx_11_0_arm64.whl" },
    { url = "https://download.pytorch.org/whl/variant/MarkupSafe-3.0.2-cp313-cp313t-manylinux_2_17_aarch64.manylinux2014_aarch64.whl" },
    { url = "https://download.pytorch.org/whl/variant/MarkupSafe-3.0.2-cp313-cp313t-manylinux_2_17_x86_64.manylinux2014_x86_64.whl" },
    { url = "https://download.pytorch.org/whl/variant/MarkupSafe-3.0.2-cp313-cp313t-manylinux_2_5_i686.manylinux1_i686.manylinux_2_17_i686.manylinux2014_i686.whl" },
    { url = "https://download.pytorch.org/whl/variant/MarkupSafe-3.0.2-cp313-cp313t-win_amd64.whl" },
]

[[package]]
name = "matplotlib"
version = "3.10.3"
source = { registry = "https://download.pytorch.org/whl/variant" }
dependencies = [
    { name = "contourpy" },
    { name = "cycler" },
    { name = "fonttools" },
    { name = "kiwisolver" },
    { name = "numpy" },
    { name = "packaging" },
    { name = "pillow" },
    { name = "pyparsing" },
    { name = "python-dateutil" },
]
wheels = [
    { url = "https://download.pytorch.org/whl/variant/matplotlib-3.10.3-cp313-cp313-macosx_10_13_x86_64.whl" },
    { url = "https://download.pytorch.org/whl/variant/matplotlib-3.10.3-cp313-cp313-macosx_11_0_arm64.whl" },
    { url = "https://download.pytorch.org/whl/variant/matplotlib-3.10.3-cp313-cp313-manylinux_2_17_aarch64.manylinux2014_aarch64.whl" },
    { url = "https://download.pytorch.org/whl/variant/matplotlib-3.10.3-cp313-cp313-manylinux_2_17_x86_64.manylinux2014_x86_64.whl" },
    { url = "https://download.pytorch.org/whl/variant/matplotlib-3.10.3-cp313-cp313-win_amd64.whl" },
    { url = "https://download.pytorch.org/whl/variant/matplotlib-3.10.3-cp313-cp313t-macosx_10_13_x86_64.whl" },
    { url = "https://download.pytorch.org/whl/variant/matplotlib-3.10.3-cp313-cp313t-macosx_11_0_arm64.whl" },
    { url = "https://download.pytorch.org/whl/variant/matplotlib-3.10.3-cp313-cp313t-manylinux_2_17_aarch64.manylinux2014_aarch64.whl" },
    { url = "https://download.pytorch.org/whl/variant/matplotlib-3.10.3-cp313-cp313t-manylinux_2_17_x86_64.manylinux2014_x86_64.whl" },
    { url = "https://download.pytorch.org/whl/variant/matplotlib-3.10.3-cp313-cp313t-win_amd64.whl" },
]

[[package]]
name = "mnist-digit-recognition"
version = "0.1.0"
source = { virtual = "." }
dependencies = [
    { name = "matplotlib" },
    { name = "numpy" },
    { name = "pillow" },
    { name = "scikit-learn" },
    { name = "seaborn" },
    { name = "torch" },
    { name = "torchvision" },
    { name = "tqdm" },
]

[package.optional-dependencies]
rocm = [
    { name = "pytorch-triton-rocm" },
]

[package.metadata]
requires-dist = [
    { name = "matplotlib" },
    { name = "numpy" },
    { name = "pillow" },
    { name = "pytorch-triton-rocm", marker = "extra == 'rocm'", index = "https://download.pytorch.org/whl/nightly/rocm7.0" },
    { name = "scikit-learn" },
    { name = "seaborn" },
    { name = "torch", index = "https://download.pytorch.org/whl/nightly/rocm7.0" },
    { name = "torchvision", index = "https://download.pytorch.org/whl/nightly/rocm7.0" },
    { name = "tqdm" },
]
provides-extras = ["rocm"]

[[package]]
name = "mpmath"
version = "1.3.0"
source = { registry = "https://download.pytorch.org/whl/variant" }
wheels = [
    { url = "https://download.pytorch.org/whl/variant/mpmath-1.3.0-py3-none-any.whl" },
]

[[package]]
name = "networkx"
version = "3.5"
source = { registry = "https://download.pytorch.org/whl/variant" }
wheels = [
    { url = "https://download.pytorch.org/whl/variant/networkx-3.5-py3-none-any.whl" },
]

[[package]]
name = "numpy"
version = "2.3.1"
source = { registry = "https://download.pytorch.org/whl/variant" }
wheels = [
    { url = "https://download.pytorch.org/whl/variant/numpy-2.3.1-cp313-cp313-macosx_10_13_x86_64.whl" },
    { url = "https://download.pytorch.org/whl/variant/numpy-2.3.1-cp313-cp313-macosx_11_0_arm64.whl" },
    { url = "https://download.pytorch.org/whl/variant/numpy-2.3.1-cp313-cp313-macosx_14_0_arm64.whl" },
    { url = "https://download.pytorch.org/whl/variant/numpy-2.3.1-cp313-cp313-macosx_14_0_x86_64.whl" },
    { url = "https://download.pytorch.org/whl/variant/numpy-2.3.1-cp313-cp313-manylinux_2_28_aarch64.whl" },
    { url = "https://download.pytorch.org/whl/variant/numpy-2.3.1-cp313-cp313-manylinux_2_28_x86_64.whl" },
    { url = "https://download.pytorch.org/whl/variant/numpy-2.3.1-cp313-cp313-win_amd64.whl" },
    { url = "https://download.pytorch.org/whl/variant/numpy-2.3.1-cp313-cp313-win_arm64.whl" },
    { url = "https://download.pytorch.org/whl/variant/numpy-2.3.1-cp313-cp313t-macosx_10_13_x86_64.whl" },
    { url = "https://download.pytorch.org/whl/variant/numpy-2.3.1-cp313-cp313t-macosx_11_0_arm64.whl" },
    { url = "https://download.pytorch.org/whl/variant/numpy-2.3.1-cp313-cp313t-macosx_14_0_arm64.whl" },
    { url = "https://download.pytorch.org/whl/variant/numpy-2.3.1-cp313-cp313t-macosx_14_0_x86_64.whl" },
    { url = "https://download.pytorch.org/whl/variant/numpy-2.3.1-cp313-cp313t-manylinux_2_28_aarch64.whl" },
    { url = "https://download.pytorch.org/whl/variant/numpy-2.3.1-cp313-cp313t-manylinux_2_28_x86_64.whl" },
    { url = "https://download.pytorch.org/whl/variant/numpy-2.3.1-cp313-cp313t-win_amd64.whl" },
    { url = "https://download.pytorch.org/whl/variant/numpy-2.3.1-cp313-cp313t-win_arm64.whl" },
]

[[package]]
name = "packaging"
version = "25.0"
source = { registry = "https://pypi.org/simple" }
sdist = { url = "https://files.pythonhosted.org/packages/a1/d4/1fc4078c65507b51b96ca8f8c3ba19e6a61c8253c72794544580a7b6c24d/packaging-25.0.tar.gz", hash = "sha256:d443872c98d677bf60f6a1f2f8c1cb748e8fe762d2bf9d3148b5599295b0fc4f", size = 165727, upload-time = "2025-04-19T11:48:59.673Z" }
wheels = [
    { url = "https://files.pythonhosted.org/packages/20/12/38679034af332785aac8774540895e234f4d07f7545804097de4b666afd8/packaging-25.0-py3-none-any.whl", hash = "sha256:29572ef2b1f17581046b3a2227d5c611fb25ec70ca1ba8554b24b0e69331a484", size = 66469, upload-time = "2025-04-19T11:48:57.875Z" },
]

[[package]]
name = "pandas"
version = "2.3.1"
source = { registry = "https://download.pytorch.org/whl/variant" }
dependencies = [
    { name = "numpy" },
    { name = "python-dateutil" },
    { name = "pytz" },
    { name = "tzdata" },
]
wheels = [
    { url = "https://download.pytorch.org/whl/variant/pandas-2.3.1-cp313-cp313-macosx_10_13_x86_64.whl" },
    { url = "https://download.pytorch.org/whl/variant/pandas-2.3.1-cp313-cp313-macosx_11_0_arm64.whl" },
    { url = "https://download.pytorch.org/whl/variant/pandas-2.3.1-cp313-cp313-manylinux_2_17_aarch64.manylinux2014_aarch64.whl" },
    { url = "https://download.pytorch.org/whl/variant/pandas-2.3.1-cp313-cp313-manylinux_2_17_x86_64.manylinux2014_x86_64.whl" },
    { url = "https://download.pytorch.org/whl/variant/pandas-2.3.1-cp313-cp313-win_amd64.whl" },
    { url = "https://download.pytorch.org/whl/variant/pandas-2.3.1-cp313-cp313t-macosx_10_13_x86_64.whl" },
    { url = "https://download.pytorch.org/whl/variant/pandas-2.3.1-cp313-cp313t-macosx_11_0_arm64.whl" },
    { url = "https://download.pytorch.org/whl/variant/pandas-2.3.1-cp313-cp313t-manylinux_2_17_aarch64.manylinux2014_aarch64.whl" },
    { url = "https://download.pytorch.org/whl/variant/pandas-2.3.1-cp313-cp313t-manylinux_2_17_x86_64.manylinux2014_x86_64.whl" },
]

[[package]]
name = "pillow"
version = "11.3.0"
source = { registry = "https://download.pytorch.org/whl/variant" }
wheels = [
    { url = "https://download.pytorch.org/whl/variant/pillow-11.3.0-cp313-cp313-ios_13_0_arm64_iphoneos.whl" },
    { url = "https://download.pytorch.org/whl/variant/pillow-11.3.0-cp313-cp313-ios_13_0_arm64_iphonesimulator.whl" },
    { url = "https://download.pytorch.org/whl/variant/pillow-11.3.0-cp313-cp313-ios_13_0_x86_64_iphonesimulator.whl" },
    { url = "https://download.pytorch.org/whl/variant/pillow-11.3.0-cp313-cp313-macosx_10_13_x86_64.whl" },
    { url = "https://download.pytorch.org/whl/variant/pillow-11.3.0-cp313-cp313-macosx_11_0_arm64.whl" },
    { url = "https://download.pytorch.org/whl/variant/pillow-11.3.0-cp313-cp313-manylinux2014_aarch64.manylinux_2_17_aarch64.whl" },
    { url = "https://download.pytorch.org/whl/variant/pillow-11.3.0-cp313-cp313-manylinux2014_x86_64.manylinux_2_17_x86_64.whl" },
    { url = "https://download.pytorch.org/whl/variant/pillow-11.3.0-cp313-cp313-manylinux_2_27_aarch64.manylinux_2_28_aarch64.whl" },
    { url = "https://download.pytorch.org/whl/variant/pillow-11.3.0-cp313-cp313-manylinux_2_27_x86_64.manylinux_2_28_x86_64.whl" },
    { url = "https://download.pytorch.org/whl/variant/pillow-11.3.0-cp313-cp313-win_amd64.whl" },
    { url = "https://download.pytorch.org/whl/variant/pillow-11.3.0-cp313-cp313-win_arm64.whl" },
    { url = "https://download.pytorch.org/whl/variant/pillow-11.3.0-cp313-cp313t-macosx_10_13_x86_64.whl" },
    { url = "https://download.pytorch.org/whl/variant/pillow-11.3.0-cp313-cp313t-macosx_11_0_arm64.whl" },
    { url = "https://download.pytorch.org/whl/variant/pillow-11.3.0-cp313-cp313t-manylinux2014_aarch64.manylinux_2_17_aarch64.whl" },
    { url = "https://download.pytorch.org/whl/variant/pillow-11.3.0-cp313-cp313t-manylinux2014_x86_64.manylinux_2_17_x86_64.whl" },
    { url = "https://download.pytorch.org/whl/variant/pillow-11.3.0-cp313-cp313t-manylinux_2_27_aarch64.manylinux_2_28_aarch64.whl" },
    { url = "https://download.pytorch.org/whl/variant/pillow-11.3.0-cp313-cp313t-manylinux_2_27_x86_64.manylinux_2_28_x86_64.whl" },
    { url = "https://download.pytorch.org/whl/variant/pillow-11.3.0-cp313-cp313t-win_amd64.whl" },
    { url = "https://download.pytorch.org/whl/variant/pillow-11.3.0-cp313-cp313t-win_arm64.whl" },
    { url = "https://download.pytorch.org/whl/variant/pillow-11.3.0-cp314-cp314-macosx_10_13_x86_64.whl" },
    { url = "https://download.pytorch.org/whl/variant/pillow-11.3.0-cp314-cp314-macosx_11_0_arm64.whl" },
    { url = "https://download.pytorch.org/whl/variant/pillow-11.3.0-cp314-cp314-manylinux2014_aarch64.manylinux_2_17_aarch64.whl" },
    { url = "https://download.pytorch.org/whl/variant/pillow-11.3.0-cp314-cp314-manylinux2014_x86_64.manylinux_2_17_x86_64.whl" },
    { url = "https://download.pytorch.org/whl/variant/pillow-11.3.0-cp314-cp314-manylinux_2_27_aarch64.manylinux_2_28_aarch64.whl" },
    { url = "https://download.pytorch.org/whl/variant/pillow-11.3.0-cp314-cp314-manylinux_2_27_x86_64.manylinux_2_28_x86_64.whl" },
    { url = "https://download.pytorch.org/whl/variant/pillow-11.3.0-cp314-cp314-win_amd64.whl" },
    { url = "https://download.pytorch.org/whl/variant/pillow-11.3.0-cp314-cp314-win_arm64.whl" },
    { url = "https://download.pytorch.org/whl/variant/pillow-11.3.0-cp314-cp314t-macosx_10_13_x86_64.whl" },
    { url = "https://download.pytorch.org/whl/variant/pillow-11.3.0-cp314-cp314t-macosx_11_0_arm64.whl" },
    { url = "https://download.pytorch.org/whl/variant/pillow-11.3.0-cp314-cp314t-manylinux2014_aarch64.manylinux_2_17_aarch64.whl" },
    { url = "https://download.pytorch.org/whl/variant/pillow-11.3.0-cp314-cp314t-manylinux2014_x86_64.manylinux_2_17_x86_64.whl" },
    { url = "https://download.pytorch.org/whl/variant/pillow-11.3.0-cp314-cp314t-manylinux_2_27_aarch64.manylinux_2_28_aarch64.whl" },
    { url = "https://download.pytorch.org/whl/variant/pillow-11.3.0-cp314-cp314t-manylinux_2_27_x86_64.manylinux_2_28_x86_64.whl" },
    { url = "https://download.pytorch.org/whl/variant/pillow-11.3.0-cp314-cp314t-win_amd64.whl" },
    { url = "https://download.pytorch.org/whl/variant/pillow-11.3.0-cp314-cp314t-win_arm64.whl" },
]

[[package]]
name = "pyparsing"
version = "3.2.3"
source = { registry = "https://download.pytorch.org/whl/variant" }
wheels = [
    { url = "https://download.pytorch.org/whl/variant/pyparsing-3.2.3-py3-none-any.whl" },
]

[[package]]
name = "python-dateutil"
version = "2.9.0.post0"
source = { registry = "https://pypi.org/simple" }
dependencies = [
    { name = "six" },
]
sdist = { url = "https://files.pythonhosted.org/packages/66/c0/0c8b6ad9f17a802ee498c46e004a0eb49bc148f2fd230864601a86dcf6db/python-dateutil-2.9.0.post0.tar.gz", hash = "sha256:37dd54208da7e1cd875388217d5e00ebd4179249f90fb72437e91a35459a0ad3", size = 342432, upload-time = "2024-03-01T18:36:20.211Z" }
wheels = [
    { url = "https://files.pythonhosted.org/packages/ec/57/56b9bcc3c9c6a792fcbaf139543cee77261f3651ca9da0c93f5c1221264b/python_dateutil-2.9.0.post0-py2.py3-none-any.whl", hash = "sha256:a8b2bc7bffae282281c8140a97d3aa9c14da0b136dfe83f850eea9a5f7470427", size = 229892, upload-time = "2024-03-01T18:36:18.57Z" },
]

[[package]]
name = "pytorch-triton-rocm"
version = "3.5.1+gitbfeb0668"
source = { registry = "https://download.pytorch.org/whl/nightly/rocm7.0" }
wheels = [
    { url = "https://download.pytorch.org/whl/nightly/pytorch_triton_rocm-3.5.1%2Bgitbfeb0668-cp313-cp313-linux_x86_64.whl" },
    { url = "https://download.pytorch.org/whl/nightly/pytorch_triton_rocm-3.5.1%2Bgitbfeb0668-cp313-cp313t-linux_x86_64.whl" },
    { url = "https://download.pytorch.org/whl/nightly/pytorch_triton_rocm-3.5.1%2Bgitbfeb0668-cp314-cp314-linux_x86_64.whl" },
    { url = "https://download.pytorch.org/whl/nightly/pytorch_triton_rocm-3.5.1%2Bgitbfeb0668-cp314-cp314t-linux_x86_64.whl" },
]

[[package]]
name = "pytz"
version = "2025.2"
source = { registry = "https://download.pytorch.org/whl/variant" }
wheels = [
    { url = "https://download.pytorch.org/whl/variant/pytz-2025.2-py2.py3-none-any.whl" },
]

[[package]]
name = "scikit-learn"
version = "1.7.2"
source = { registry = "https://pypi.org/simple" }
dependencies = [
    { name = "joblib" },
    { name = "numpy" },
    { name = "scipy" },
    { name = "threadpoolctl" },
]
sdist = { url = "https://files.pythonhosted.org/packages/98/c2/a7855e41c9d285dfe86dc50b250978105dce513d6e459ea66a6aeb0e1e0c/scikit_learn-1.7.2.tar.gz", hash = "sha256:20e9e49ecd130598f1ca38a1d85090e1a600147b9c02fa6f15d69cb53d968fda", size = 7193136, upload-time = "2025-09-09T08:21:29.075Z" }
wheels = [
    { url = "https://files.pythonhosted.org/packages/ae/93/a3038cb0293037fd335f77f31fe053b89c72f17b1c8908c576c29d953e84/scikit_learn-1.7.2-cp313-cp313-macosx_10_13_x86_64.whl", hash = "sha256:0b7dacaa05e5d76759fb071558a8b5130f4845166d88654a0f9bdf3eb57851b7", size = 9212382, upload-time = "2025-09-09T08:20:54.731Z" },
    { url = "https://files.pythonhosted.org/packages/40/dd/9a88879b0c1104259136146e4742026b52df8540c39fec21a6383f8292c7/scikit_learn-1.7.2-cp313-cp313-macosx_12_0_arm64.whl", hash = "sha256:abebbd61ad9e1deed54cca45caea8ad5f79e1b93173dece40bb8e0c658dbe6fe", size = 8592042, upload-time = "2025-09-09T08:20:57.313Z" },
    { url = "https://files.pythonhosted.org/packages/46/af/c5e286471b7d10871b811b72ae794ac5fe2989c0a2df07f0ec723030f5f5/scikit_learn-1.7.2-cp313-cp313-manylinux2014_x86_64.manylinux_2_17_x86_64.whl", hash = "sha256:502c18e39849c0ea1a5d681af1dbcf15f6cce601aebb657aabbfe84133c1907f", size = 9434180, upload-time = "2025-09-09T08:20:59.671Z" },
    { url = "https://files.pythonhosted.org/packages/f1/fd/df59faa53312d585023b2da27e866524ffb8faf87a68516c23896c718320/scikit_learn-1.7.2-cp313-cp313-manylinux_2_27_aarch64.manylinux_2_28_aarch64.whl", hash = "sha256:7a4c328a71785382fe3fe676a9ecf2c86189249beff90bf85e22bdb7efaf9ae0", size = 9283660, upload-time = "2025-09-09T08:21:01.71Z" },
    { url = "https://files.pythonhosted.org/packages/a7/c7/03000262759d7b6f38c836ff9d512f438a70d8a8ddae68ee80de72dcfb63/scikit_learn-1.7.2-cp313-cp313-win_amd64.whl", hash = "sha256:63a9afd6f7b229aad94618c01c252ce9e6fa97918c5ca19c9a17a087d819440c", size = 8702057, upload-time = "2025-09-09T08:21:04.234Z" },
    { url = "https://files.pythonhosted.org/packages/55/87/ef5eb1f267084532c8e4aef98a28b6ffe7425acbfd64b5e2f2e066bc29b3/scikit_learn-1.7.2-cp313-cp313t-macosx_10_13_x86_64.whl", hash = "sha256:9acb6c5e867447b4e1390930e3944a005e2cb115922e693c08a323421a6966e8", size = 9558731, upload-time = "2025-09-09T08:21:06.381Z" },
    { url = "https://files.pythonhosted.org/packages/93/f8/6c1e3fc14b10118068d7938878a9f3f4e6d7b74a8ddb1e5bed65159ccda8/scikit_learn-1.7.2-cp313-cp313t-macosx_12_0_arm64.whl", hash = "sha256:2a41e2a0ef45063e654152ec9d8bcfc39f7afce35b08902bfe290c2498a67a6a", size = 9038852, upload-time = "2025-09-09T08:21:08.628Z" },
    { url = "https://files.pythonhosted.org/packages/83/87/066cafc896ee540c34becf95d30375fe5cbe93c3b75a0ee9aa852cd60021/scikit_learn-1.7.2-cp313-cp313t-manylinux2014_x86_64.manylinux_2_17_x86_64.whl", hash = "sha256:98335fb98509b73385b3ab2bd0639b1f610541d3988ee675c670371d6a87aa7c", size = 9527094, upload-time = "2025-09-09T08:21:11.486Z" },
    { url = "https://files.pythonhosted.org/packages/9c/2b/4903e1ccafa1f6453b1ab78413938c8800633988c838aa0be386cbb33072/scikit_learn-1.7.2-cp313-cp313t-manylinux_2_27_aarch64.manylinux_2_28_aarch64.whl", hash = "sha256:191e5550980d45449126e23ed1d5e9e24b2c68329ee1f691a3987476e115e09c", size = 9367436, upload-time = "2025-09-09T08:21:13.602Z" },
    { url = "https://files.pythonhosted.org/packages/b5/aa/8444be3cfb10451617ff9d177b3c190288f4563e6c50ff02728be67ad094/scikit_learn-1.7.2-cp313-cp313t-win_amd64.whl", hash = "sha256:57dc4deb1d3762c75d685507fbd0bc17160144b2f2ba4ccea5dc285ab0d0e973", size = 9275749, upload-time = "2025-09-09T08:21:15.96Z" },
    { url = "https://files.pythonhosted.org/packages/d9/82/dee5acf66837852e8e68df6d8d3a6cb22d3df997b733b032f513d95205b7/scikit_learn-1.7.2-cp314-cp314-macosx_10_13_x86_64.whl", hash = "sha256:fa8f63940e29c82d1e67a45d5297bdebbcb585f5a5a50c4914cc2e852ab77f33", size = 9208906, upload-time = "2025-09-09T08:21:18.557Z" },
    { url = "https://files.pythonhosted.org/packages/3c/30/9029e54e17b87cb7d50d51a5926429c683d5b4c1732f0507a6c3bed9bf65/scikit_learn-1.7.2-cp314-cp314-macosx_12_0_arm64.whl", hash = "sha256:f95dc55b7902b91331fa4e5845dd5bde0580c9cd9612b1b2791b7e80c3d32615", size = 8627836, upload-time = "2025-09-09T08:21:20.695Z" },
    { url = "https://files.pythonhosted.org/packages/60/18/4a52c635c71b536879f4b971c2cedf32c35ee78f48367885ed8025d1f7ee/scikit_learn-1.7.2-cp314-cp314-manylinux2014_x86_64.manylinux_2_17_x86_64.whl", hash = "sha256:9656e4a53e54578ad10a434dc1f993330568cfee176dff07112b8785fb413106", size = 9426236, upload-time = "2025-09-09T08:21:22.645Z" },
    { url = "https://files.pythonhosted.org/packages/99/7e/290362f6ab582128c53445458a5befd471ed1ea37953d5bcf80604619250/scikit_learn-1.7.2-cp314-cp314-manylinux_2_27_aarch64.manylinux_2_28_aarch64.whl", hash = "sha256:96dc05a854add0e50d3f47a1ef21a10a595016da5b007c7d9cd9d0bffd1fcc61", size = 9312593, upload-time = "2025-09-09T08:21:24.65Z" },
    { url = "https://files.pythonhosted.org/packages/8e/87/24f541b6d62b1794939ae6422f8023703bbf6900378b2b34e0b4384dfefd/scikit_learn-1.7.2-cp314-cp314-win_amd64.whl", hash = "sha256:bb24510ed3f9f61476181e4db51ce801e2ba37541def12dc9333b946fc7a9cf8", size = 8820007, upload-time = "2025-09-09T08:21:26.713Z" },
]

[[package]]
name = "scipy"
version = "1.16.3"
source = { registry = "https://pypi.org/simple" }
dependencies = [
    { name = "numpy" },
]
sdist = { url = "https://files.pythonhosted.org/packages/0a/ca/d8ace4f98322d01abcd52d381134344bf7b431eba7ed8b42bdea5a3c2ac9/scipy-1.16.3.tar.gz", hash = "sha256:01e87659402762f43bd2fee13370553a17ada367d42e7487800bf2916535aecb", size = 30597883, upload-time = "2025-10-28T17:38:54.068Z" }
wheels = [
    { url = "https://files.pythonhosted.org/packages/72/f1/57e8327ab1508272029e27eeef34f2302ffc156b69e7e233e906c2a5c379/scipy-1.16.3-cp313-cp313-macosx_10_14_x86_64.whl", hash = "sha256:d2ec56337675e61b312179a1ad124f5f570c00f920cc75e1000025451b88241c", size = 36617856, upload-time = "2025-10-28T17:33:31.375Z" },
    { url = "https://files.pythonhosted.org/packages/44/13/7e63cfba8a7452eb756306aa2fd9b37a29a323b672b964b4fdeded9a3f21/scipy-1.16.3-cp313-cp313-macosx_12_0_arm64.whl", hash = "sha256:16b8bc35a4cc24db80a0ec836a9286d0e31b2503cb2fd7ff7fb0e0374a97081d", size = 28874306, upload-time = "2025-10-28T17:33:36.516Z" },
    { url = "https://files.pythonhosted.org/packages/15/65/3a9400efd0228a176e6ec3454b1fa998fbbb5a8defa1672c3f65706987db/scipy-1.16.3-cp313-cp313-macosx_14_0_arm64.whl", hash = "sha256:5803c5fadd29de0cf27fa08ccbfe7a9e5d741bf63e4ab1085437266f12460ff9", size = 20865371, upload-time = "2025-10-28T17:33:42.094Z" },
    { url = "https://files.pythonhosted.org/packages/33/d7/eda09adf009a9fb81827194d4dd02d2e4bc752cef16737cc4ef065234031/scipy-1.16.3-cp313-cp313-macosx_14_0_x86_64.whl", hash = "sha256:b81c27fc41954319a943d43b20e07c40bdcd3ff7cf013f4fb86286faefe546c4", size = 23524877, upload-time = "2025-10-28T17:33:48.483Z" },
    { url = "https://files.pythonhosted.org/packages/7d/6b/3f911e1ebc364cb81320223a3422aab7d26c9c7973109a9cd0f27c64c6c0/scipy-1.16.3-cp313-cp313-manylinux2014_aarch64.manylinux_2_17_aarch64.whl", hash = "sha256:0c3b4dd3d9b08dbce0f3440032c52e9e2ab9f96ade2d3943313dfe51a7056959", size = 33342103, upload-time = "2025-10-28T17:33:56.495Z" },
    { url = "https://files.pythonhosted.org/packages/21/f6/4bfb5695d8941e5c570a04d9fcd0d36bce7511b7d78e6e75c8f9791f82d0/scipy-1.16.3-cp313-cp313-manylinux2014_x86_64.manylinux_2_17_x86_64.whl", hash = "sha256:7dc1360c06535ea6116a2220f760ae572db9f661aba2d88074fe30ec2aa1ff88", size = 35697297, upload-time = "2025-10-28T17:34:04.722Z" },
    { url = "https://files.pythonhosted.org/packages/04/e1/6496dadbc80d8d896ff72511ecfe2316b50313bfc3ebf07a3f580f08bd8c/scipy-1.16.3-cp313-cp313-musllinux_1_2_aarch64.whl", hash = "sha256:663b8d66a8748051c3ee9c96465fb417509315b99c71550fda2591d7dd634234", size = 36021756, upload-time = "2025-10-28T17:34:13.482Z" },
    { url = "https://files.pythonhosted.org/packages/fe/bd/a8c7799e0136b987bda3e1b23d155bcb31aec68a4a472554df5f0937eef7/scipy-1.16.3-cp313-cp313-musllinux_1_2_x86_64.whl", hash = "sha256:eab43fae33a0c39006a88096cd7b4f4ef545ea0447d250d5ac18202d40b6611d", size = 38696566, upload-time = "2025-10-28T17:34:22.384Z" },
    { url = "https://files.pythonhosted.org/packages/cd/01/1204382461fcbfeb05b6161b594f4007e78b6eba9b375382f79153172b4d/scipy-1.16.3-cp313-cp313-win_amd64.whl", hash = "sha256:062246acacbe9f8210de8e751b16fc37458213f124bef161a5a02c7a39284304", size = 38529877, upload-time = "2025-10-28T17:35:51.076Z" },
    { url = "https://files.pythonhosted.org/packages/7f/14/9d9fbcaa1260a94f4bb5b64ba9213ceb5d03cd88841fe9fd1ffd47a45b73/scipy-1.16.3-cp313-cp313-win_arm64.whl", hash = "sha256:50a3dbf286dbc7d84f176f9a1574c705f277cb6565069f88f60db9eafdbe3ee2", size = 25455366, upload-time = "2025-10-28T17:35:59.014Z" },
    { url = "https://files.pythonhosted.org/packages/e2/a3/9ec205bd49f42d45d77f1730dbad9ccf146244c1647605cf834b3a8c4f36/scipy-1.16.3-cp313-cp313t-macosx_10_14_x86_64.whl", hash = "sha256:fb4b29f4cf8cc5a8d628bc8d8e26d12d7278cd1f219f22698a378c3d67db5e4b", size = 37027931, upload-time = "2025-10-28T17:34:31.451Z" },
    { url = "https://files.pythonhosted.org/packages/25/06/ca9fd1f3a4589cbd825b1447e5db3a8ebb969c1eaf22c8579bd286f51b6d/scipy-1.16.3-cp313-cp313t-macosx_12_0_arm64.whl", hash = "sha256:8d09d72dc92742988b0e7750bddb8060b0c7079606c0d24a8cc8e9c9c11f9079", size = 29400081, upload-time = "2025-10-28T17:34:39.087Z" },
    { url = "https://files.pythonhosted.org/packages/6a/56/933e68210d92657d93fb0e381683bc0e53a965048d7358ff5fbf9e6a1b17/scipy-1.16.3-cp313-cp313t-macosx_14_0_arm64.whl", hash = "sha256:03192a35e661470197556de24e7cb1330d84b35b94ead65c46ad6f16f6b28f2a", size = 21391244, upload-time = "2025-10-28T17:34:45.234Z" },
    { url = "https://files.pythonhosted.org/packages/a8/7e/779845db03dc1418e215726329674b40576879b91814568757ff0014ad65/scipy-1.16.3-cp313-cp313t-macosx_14_0_x86_64.whl", hash = "sha256:57d01cb6f85e34f0946b33caa66e892aae072b64b034183f3d87c4025802a119", size = 23929753, upload-time = "2025-10-28T17:34:51.793Z" },
    { url = "https://files.pythonhosted.org/packages/4c/4b/f756cf8161d5365dcdef9e5f460ab226c068211030a175d2fc7f3f41ca64/scipy-1.16.3-cp313-cp313t-manylinux2014_aarch64.manylinux_2_17_aarch64.whl", hash = "sha256:96491a6a54e995f00a28a3c3badfff58fd093bf26cd5fb34a2188c8c756a3a2c", size = 33496912, upload-time = "2025-10-28T17:34:59.8Z" },
    { url = "https://files.pythonhosted.org/packages/09/b5/222b1e49a58668f23839ca1542a6322bb095ab8d6590d4f71723869a6c2c/scipy-1.16.3-cp313-cp313t-manylinux2014_x86_64.manylinux_2_17_x86_64.whl", hash = "sha256:cd13e354df9938598af2be05822c323e97132d5e6306b83a3b4ee6724c6e522e", size = 35802371, upload-time = "2025-10-28T17:35:08.173Z" },
    { url = "https://files.pythonhosted.org/packages/c1/8d/5964ef68bb31829bde27611f8c9deeac13764589fe74a75390242b64ca44/scipy-1.16.3-cp313-cp313t-musllinux_1_2_aarch64.whl", hash = "sha256:63d3cdacb8a824a295191a723ee5e4ea7768ca5ca5f2838532d9f2e2b3ce2135", size = 36190477, upload-time = "2025-10-28T17:35:16.7Z" },
    { url = "https://files.pythonhosted.org/packages/ab/f2/b31d75cb9b5fa4dd39a0a931ee9b33e7f6f36f23be5ef560bf72e0f92f32/scipy-1.16.3-cp313-cp313t-musllinux_1_2_x86_64.whl", hash = "sha256:e7efa2681ea410b10dde31a52b18b0154d66f2485328830e45fdf183af5aefc6", size = 38796678, upload-time = "2025-10-28T17:35:26.354Z" },
    { url = "https://files.pythonhosted.org/packages/b4/1e/b3723d8ff64ab548c38d87055483714fefe6ee20e0189b62352b5e015bb1/scipy-1.16.3-cp313-cp313t-win_amd64.whl", hash = "sha256:2d1ae2cf0c350e7705168ff2429962a89ad90c2d49d1dd300686d8b2a5af22fc", size = 38640178, upload-time = "2025-10-28T17:35:35.304Z" },
    { url = "https://files.pythonhosted.org/packages/8e/f3/d854ff38789aca9b0cc23008d607ced9de4f7ab14fa1ca4329f86b3758ca/scipy-1.16.3-cp313-cp313t-win_arm64.whl", hash = "sha256:0c623a54f7b79dd88ef56da19bc2873afec9673a48f3b85b18e4d402bdd29a5a", size = 25803246, upload-time = "2025-10-28T17:35:42.155Z" },
    { url = "https://files.pythonhosted.org/packages/99/f6/99b10fd70f2d864c1e29a28bbcaa0c6340f9d8518396542d9ea3b4aaae15/scipy-1.16.3-cp314-cp314-macosx_10_14_x86_64.whl", hash = "sha256:875555ce62743e1d54f06cdf22c1e0bc47b91130ac40fe5d783b6dfa114beeb6", size = 36606469, upload-time = "2025-10-28T17:36:08.741Z" },
    { url = "https://files.pythonhosted.org/packages/4d/74/043b54f2319f48ea940dd025779fa28ee360e6b95acb7cd188fad4391c6b/scipy-1.16.3-cp314-cp314-macosx_12_0_arm64.whl", hash = "sha256:bb61878c18a470021fb515a843dc7a76961a8daceaaaa8bad1332f1bf4b54657", size = 28872043, upload-time = "2025-10-28T17:36:16.599Z" },
    { url = "https://files.pythonhosted.org/packages/4d/e1/24b7e50cc1c4ee6ffbcb1f27fe9f4c8b40e7911675f6d2d20955f41c6348/scipy-1.16.3-cp314-cp314-macosx_14_0_arm64.whl", hash = "sha256:f2622206f5559784fa5c4b53a950c3c7c1cf3e84ca1b9c4b6c03f062f289ca26", size = 20862952, upload-time = "2025-10-28T17:36:22.966Z" },
    { url = "https://files.pythonhosted.org/packages/dd/3a/3e8c01a4d742b730df368e063787c6808597ccb38636ed821d10b39ca51b/scipy-1.16.3-cp314-cp314-macosx_14_0_x86_64.whl", hash = "sha256:7f68154688c515cdb541a31ef8eb66d8cd1050605be9dcd74199cbd22ac739bc", size = 23508512, upload-time = "2025-10-28T17:36:29.731Z" },
    { url = "https://files.pythonhosted.org/packages/1f/60/c45a12b98ad591536bfe5330cb3cfe1850d7570259303563b1721564d458/scipy-1.16.3-cp314-cp314-manylinux2014_aarch64.manylinux_2_17_aarch64.whl", hash = "sha256:8b3c820ddb80029fe9f43d61b81d8b488d3ef8ca010d15122b152db77dc94c22", size = 33413639, upload-time = "2025-10-28T17:36:37.982Z" },
    { url = "https://files.pythonhosted.org/packages/71/bc/35957d88645476307e4839712642896689df442f3e53b0fa016ecf8a3357/scipy-1.16.3-cp314-cp314-manylinux2014_x86_64.manylinux_2_17_x86_64.whl", hash = "sha256:d3837938ae715fc0fe3c39c0202de3a8853aff22ca66781ddc2ade7554b7e2cc", size = 35704729, upload-time = "2025-10-28T17:36:46.547Z" },
    { url = "https://files.pythonhosted.org/packages/3b/15/89105e659041b1ca11c386e9995aefacd513a78493656e57789f9d9eab61/scipy-1.16.3-cp314-cp314-musllinux_1_2_aarch64.whl", hash = "sha256:aadd23f98f9cb069b3bd64ddc900c4d277778242e961751f77a8cb5c4b946fb0", size = 36086251, upload-time = "2025-10-28T17:36:55.161Z" },
    { url = "https://files.pythonhosted.org/packages/1a/87/c0ea673ac9c6cc50b3da2196d860273bc7389aa69b64efa8493bdd25b093/scipy-1.16.3-cp314-cp314-musllinux_1_2_x86_64.whl", hash = "sha256:b7c5f1bda1354d6a19bc6af73a649f8285ca63ac6b52e64e658a5a11d4d69800", size = 38716681, upload-time = "2025-10-28T17:37:04.1Z" },
    { url = "https://files.pythonhosted.org/packages/91/06/837893227b043fb9b0d13e4bd7586982d8136cb249ffb3492930dab905b8/scipy-1.16.3-cp314-cp314-win_amd64.whl", hash = "sha256:e5d42a9472e7579e473879a1990327830493a7047506d58d73fc429b84c1d49d", size = 39358423, upload-time = "2025-10-28T17:38:20.005Z" },
    { url = "https://files.pythonhosted.org/packages/95/03/28bce0355e4d34a7c034727505a02d19548549e190bedd13a721e35380b7/scipy-1.16.3-cp314-cp314-win_arm64.whl", hash = "sha256:6020470b9d00245926f2d5bb93b119ca0340f0d564eb6fbaad843eaebf9d690f", size = 26135027, upload-time = "2025-10-28T17:38:24.966Z" },
    { url = "https://files.pythonhosted.org/packages/b2/6f/69f1e2b682efe9de8fe9f91040f0cd32f13cfccba690512ba4c582b0bc29/scipy-1.16.3-cp314-cp314t-macosx_10_14_x86_64.whl", hash = "sha256:e1d27cbcb4602680a49d787d90664fa4974063ac9d4134813332a8c53dbe667c", size = 37028379, upload-time = "2025-10-28T17:37:14.061Z" },
    { url = "https://files.pythonhosted.org/packages/7c/2d/e826f31624a5ebbab1cd93d30fd74349914753076ed0593e1d56a98c4fb4/scipy-1.16.3-cp314-cp314t-macosx_12_0_arm64.whl", hash = "sha256:9b9c9c07b6d56a35777a1b4cc8966118fb16cfd8daf6743867d17d36cfad2d40", size = 29400052, upload-time = "2025-10-28T17:37:21.709Z" },
    { url = "https://files.pythonhosted.org/packages/69/27/d24feb80155f41fd1f156bf144e7e049b4e2b9dd06261a242905e3bc7a03/scipy-1.16.3-cp314-cp314t-macosx_14_0_arm64.whl", hash = "sha256:3a4c460301fb2cffb7f88528f30b3127742cff583603aa7dc964a52c463b385d", size = 21391183, upload-time = "2025-10-28T17:37:29.559Z" },
    { url = "https://files.pythonhosted.org/packages/f8/d3/1b229e433074c5738a24277eca520a2319aac7465eea7310ea6ae0e98ae2/scipy-1.16.3-cp314-cp314t-macosx_14_0_x86_64.whl", hash = "sha256:f667a4542cc8917af1db06366d3f78a5c8e83badd56409f94d1eac8d8d9133fa", size = 23930174, upload-time = "2025-10-28T17:37:36.306Z" },
    { url = "https://files.pythonhosted.org/packages/16/9d/d9e148b0ec680c0f042581a2be79a28a7ab66c0c4946697f9e7553ead337/scipy-1.16.3-cp314-cp314t-manylinux2014_aarch64.manylinux_2_17_aarch64.whl", hash = "sha256:f379b54b77a597aa7ee5e697df0d66903e41b9c85a6dd7946159e356319158e8", size = 33497852, upload-time = "2025-10-28T17:37:42.228Z" },
    { url = "https://files.pythonhosted.org/packages/2f/22/4e5f7561e4f98b7bea63cf3fd7934bff1e3182e9f1626b089a679914d5c8/scipy-1.16.3-cp314-cp314t-manylinux2014_x86_64.manylinux_2_17_x86_64.whl", hash = "sha256:4aff59800a3b7f786b70bfd6ab551001cb553244988d7d6b8299cb1ea653b353", size = 35798595, upload-time = "2025-10-28T17:37:48.102Z" },
    { url = "https://files.pythonhosted.org/packages/83/42/6644d714c179429fc7196857866f219fef25238319b650bb32dde7bf7a48/scipy-1.16.3-cp314-cp314t-musllinux_1_2_aarch64.whl", hash = "sha256:da7763f55885045036fabcebd80144b757d3db06ab0861415d1c3b7c69042146", size = 36186269, upload-time = "2025-10-28T17:37:53.72Z" },
    { url = "https://files.pythonhosted.org/packages/ac/70/64b4d7ca92f9cf2e6fc6aaa2eecf80bb9b6b985043a9583f32f8177ea122/scipy-1.16.3-cp314-cp314t-musllinux_1_2_x86_64.whl", hash = "sha256:ffa6eea95283b2b8079b821dc11f50a17d0571c92b43e2b5b12764dc5f9b285d", size = 38802779, upload-time = "2025-10-28T17:37:59.393Z" },
    { url = "https://files.pythonhosted.org/packages/61/82/8d0e39f62764cce5ffd5284131e109f07cf8955aef9ab8ed4e3aa5e30539/scipy-1.16.3-cp314-cp314t-win_amd64.whl", hash = "sha256:d9f48cafc7ce94cf9b15c6bffdc443a81a27bf7075cf2dcd5c8b40f85d10c4e7", size = 39471128, upload-time = "2025-10-28T17:38:05.259Z" },
    { url = "https://files.pythonhosted.org/packages/64/47/a494741db7280eae6dc033510c319e34d42dd41b7ac0c7ead39354d1a2b5/scipy-1.16.3-cp314-cp314t-win_arm64.whl", hash = "sha256:21d9d6b197227a12dcbf9633320a4e34c6b0e51c57268df255a0942983bac562", size = 26464127, upload-time = "2025-10-28T17:38:11.34Z" },
]

[[package]]
name = "seaborn"
version = "0.13.2"
source = { registry = "https://pypi.org/simple" }
dependencies = [
    { name = "matplotlib" },
    { name = "numpy" },
    { name = "pandas" },
]
sdist = { url = "https://files.pythonhosted.org/packages/86/59/a451d7420a77ab0b98f7affa3a1d78a313d2f7281a57afb1a34bae8ab412/seaborn-0.13.2.tar.gz", hash = "sha256:93e60a40988f4d65e9f4885df477e2fdaff6b73a9ded434c1ab356dd57eefff7", size = 1457696, upload-time = "2024-01-25T13:21:52.551Z" }
wheels = [
    { url = "https://files.pythonhosted.org/packages/83/11/00d3c3dfc25ad54e731d91449895a79e4bf2384dc3ac01809010ba88f6d5/seaborn-0.13.2-py3-none-any.whl", hash = "sha256:636f8336facf092165e27924f223d3c62ca560b1f2bb5dff7ab7fad265361987", size = 294914, upload-time = "2024-01-25T13:21:49.598Z" },
]

[[package]]
name = "setuptools"
version = "80.9.0"
source = { registry = "https://download.pytorch.org/whl/variant" }
wheels = [
    { url = "https://download.pytorch.org/whl/variant/setuptools-80.9.0-py3-none-any.whl" },
]

[[package]]
name = "six"
version = "1.17.0"
source = { registry = "https://pypi.org/simple" }
sdist = { url = "https://files.pythonhosted.org/packages/94/e7/b2c673351809dca68a0e064b6af791aa332cf192da575fd474ed7d6f16a2/six-1.17.0.tar.gz", hash = "sha256:ff70335d468e7eb6ec65b95b99d3a2836546063f63acc5171de367e834932a81", size = 34031, upload-time = "2024-12-04T17:35:28.174Z" }
wheels = [
    { url = "https://files.pythonhosted.org/packages/b7/ce/149a00dd41f10bc29e5921b496af8b574d8413afcd5e30dfa0ed46c2cc5e/six-1.17.0-py2.py3-none-any.whl", hash = "sha256:4721f391ed90541fddacab5acf947aa0d3dc7d27b2e1e8eda2be8970586c3274", size = 11050, upload-time = "2024-12-04T17:35:26.475Z" },
]

[[package]]
name = "sympy"
version = "1.14.0"
source = { registry = "https://download.pytorch.org/whl/variant" }
dependencies = [
    { name = "mpmath" },
]
wheels = [
    { url = "https://download.pytorch.org/whl/variant/sympy-1.14.0-py3-none-any.whl" },
]

[[package]]
name = "threadpoolctl"
version = "3.6.0"
source = { registry = "https://pypi.org/simple" }
sdist = { url = "https://files.pythonhosted.org/packages/b7/4d/08c89e34946fce2aec4fbb45c9016efd5f4d7f24af8e5d93296e935631d8/threadpoolctl-3.6.0.tar.gz", hash = "sha256:8ab8b4aa3491d812b623328249fab5302a68d2d71745c8a4c719a2fcaba9f44e", size = 21274, upload-time = "2025-03-13T13:49:23.031Z" }
wheels = [
    { url = "https://files.pythonhosted.org/packages/32/d5/f9a850d79b0851d1d4ef6456097579a9005b31fea68726a4ae5f2d82ddd9/threadpoolctl-3.6.0-py3-none-any.whl", hash = "sha256:43a0b8fd5a2928500110039e43a5eed8480b918967083ea48dc3ab9f13c4a7fb", size = 18638, upload-time = "2025-03-13T13:49:21.846Z" },
]

[[package]]
name = "torch"
version = "2.10.0.dev20251112+rocm7.0"
source = { registry = "https://download.pytorch.org/whl/nightly/rocm7.0" }
dependencies = [
    { name = "filelock" },
    { name = "fsspec" },
    { name = "jinja2" },
    { name = "networkx" },
    { name = "pytorch-triton-rocm", marker = "sys_platform == 'linux'" },
    { name = "setuptools" },
    { name = "sympy" },
    { name = "typing-extensions" },
]
wheels = [
    { url = "https://download.pytorch.org/whl/nightly/rocm7.0/torch-2.10.0.dev20251112%2Brocm7.0-cp313-cp313-manylinux_2_28_x86_64.whl" },
    { url = "https://download.pytorch.org/whl/nightly/rocm7.0/torch-2.10.0.dev20251112%2Brocm7.0-cp313-cp313t-manylinux_2_28_x86_64.whl" },
    { url = "https://download.pytorch.org/whl/nightly/rocm7.0/torch-2.10.0.dev20251112%2Brocm7.0-cp314-cp314-manylinux_2_28_x86_64.whl" },
    { url = "https://download.pytorch.org/whl/nightly/rocm7.0/torch-2.10.0.dev20251112%2Brocm7.0-cp314-cp314t-manylinux_2_28_x86_64.whl" },
]

[[package]]
name = "torchvision"
version = "0.25.0.dev20251113+rocm7.0"
source = { registry = "https://download.pytorch.org/whl/nightly/rocm7.0" }
dependencies = [
    { name = "numpy" },
    { name = "pillow" },
    { name = "torch" },
]
wheels = [
    { url = "https://download.pytorch.org/whl/nightly/rocm7.0/torchvision-0.25.0.dev20251113%2Brocm7.0-cp313-cp313-manylinux_2_28_x86_64.whl" },
    { url = "https://download.pytorch.org/whl/nightly/rocm7.0/torchvision-0.25.0.dev20251113%2Brocm7.0-cp313-cp313t-manylinux_2_28_x86_64.whl" },
    { url = "https://download.pytorch.org/whl/nightly/rocm7.0/torchvision-0.25.0.dev20251113%2Brocm7.0-cp314-cp314-manylinux_2_28_x86_64.whl" },
    { url = "https://download.pytorch.org/whl/nightly/rocm7.0/torchvision-0.25.0.dev20251113%2Brocm7.0-cp314-cp314t-manylinux_2_28_x86_64.whl" },
]

[[package]]
name = "tqdm"
version = "4.67.1"
source = { registry = "https://pypi.org/simple" }
dependencies = [
    { name = "colorama", marker = "sys_platform == 'win32'" },
]
sdist = { url = "https://files.pythonhosted.org/packages/a8/4b/29b4ef32e036bb34e4ab51796dd745cdba7ed47ad142a9f4a1eb8e0c744d/tqdm-4.67.1.tar.gz", hash = "sha256:f8aef9c52c08c13a65f30ea34f4e5aac3fd1a34959879d7e59e63027286627f2", size = 169737, upload-time = "2024-11-24T20:12:22.481Z" }
wheels = [
    { url = "https://files.pythonhosted.org/packages/d0/30/dc54f88dd4a2b5dc8a0279bdd7270e735851848b762aeb1c1184ed1f6b14/tqdm-4.67.1-py3-none-any.whl", hash = "sha256:26445eca388f82e72884e0d580d5464cd801a3ea01e63e5601bdff9ba6a48de2", size = 78540, upload-time = "2024-11-24T20:12:19.698Z" },
]

[[package]]
name = "typing-extensions"
version = "4.14.1"
source = { registry = "https://download.pytorch.org/whl/variant" }
wheels = [
    { url = "https://download.pytorch.org/whl/variant/typing_extensions-4.14.1-py3-none-any.whl" },
]

[[package]]
name = "tzdata"
version = "2025.2"
source = { registry = "https://download.pytorch.org/whl/variant" }
wheels = [
    { url = "https://download.pytorch.org/whl/variant/tzdata-2025.2-py2.py3-none-any.whl" },
]
